
Microsoft Visual Studio Solution File, Format Version 12.00
# Visual Studio Version 17
VisualStudioVersion = 17.11.35327.3
MinimumVisualStudioVersion = 10.0.40219.1
Project("{8BC9CEB8-8B4A-11D0-8D11-00A0C91BC942}") = "HuffmanV1", "HuffmanV1\HuffmanV1.vcxproj", "{CB3E2018-64A6-45A2-A524-3541748C468D}"
EndProject
Global
	GlobalSection(SolutionConfigurationPlatforms) = preSolution
		Debug|x64 = Debug|x64
		Debug|x86 = Debug|x86
		Release|x64 = Release|x64
		Release|x86 = Release|x86
	EndGlobalSection
	GlobalSection(ProjectConfigurationPlatforms) = postSolution
		{CB3E2018-64A6-45A2-A524-3541748C468D}.Debug|x64.ActiveCfg = Debug|x64
		{CB3E2018-64A6-45A2-A524-3541748C468D}.Debug|x64.Build.0 = Debug|x64
		{CB3E2018-64A6-45A2-A524-3541748C468D}.Debug|x86.ActiveCfg = Debug|Win32
		{CB3E2018-64A6-45A2-A524-3541748C468D}.Debug|x86.Build.0 = Debug|Win32
		{CB3E2018-64A6-45A2-A524-3541748C468D}.Release|x64.ActiveCfg = Release|x64
		{CB3E2018-64A6-45A2-A524-3541748C468D}.Release|x64.Build.0 = Release|x64
		{CB3E2018-64A6-45A2-A524-3541748C468D}.Release|x86.ActiveCfg = Release|Win32
		{CB3E2018-64A6-45A2-A524-3541748C468D}.Release|x86.Build.0 = Release|Win32
	EndGlobalSection
	GlobalSection(SolutionProperties) = preSolution
		HideSolutionNode = FALSE
	EndGlobalSection
	GlobalSection(ExtensibilityGlobals) = postSolution
		SolutionGuid = {F152021E-C419-4AB5-9BA1-318D3B507EB9}
	EndGlobalSection
EndGlobal
